
Microsoft Visual Studio Solution File, Format Version 12.00
# Visual Studio Version 17
VisualStudioVersion = 17.2.32630.192
MinimumVisualStudioVersion = 10.0.40219.1
Project("{FAE04EC0-301F-11D3-BF4B-00C04F79EFBC}") = "GSMSoftware", "GSMSoftware\GSMSoftware.csproj", "{2E81C1DF-4CC0-4B51-96C3-0A3ABACCCC22}"
EndProject
Global
	GlobalSection(SolutionConfigurationPlatforms) = preSolution
		Debug|Any CPU = Debug|Any CPU
		Release|Any CPU = Release|Any CPU
	EndGlobalSection
	GlobalSection(ProjectConfigurationPlatforms) = postSolution
		{2E81C1DF-4CC0-4B51-96C3-0A3ABACCCC22}.Debug|Any CPU.ActiveCfg = Debug|Any CPU
		{2E81C1DF-4CC0-4B51-96C3-0A3ABACCCC22}.Debug|Any CPU.Build.0 = Debug|Any CPU
		{2E81C1DF-4CC0-4B51-96C3-0A3ABACCCC22}.Release|Any CPU.ActiveCfg = Release|Any CPU
		{2E81C1DF-4CC0-4B51-96C3-0A3ABACCCC22}.Release|Any CPU.Build.0 = Release|Any CPU
	EndGlobalSection
	GlobalSection(SolutionProperties) = preSolution
		HideSolutionNode = FALSE
	EndGlobalSection
	GlobalSection(ExtensibilityGlobals) = postSolution
		SolutionGuid = {313093DC-C7CB-49A0-A564-8FDADF8B3119}
	EndGlobalSection
EndGlobal
